
Microsoft Visual Studio Solution File, Format Version 12.00
# Visual Studio 15
VisualStudioVersion = 15.0.28010.2026
MinimumVisualStudioVersion = 10.0.40219.1
Project("{FAE04EC0-301F-11D3-BF4B-00C04F79EFBC}") = "DemoGitVideo", "DemoGitVideo\DemoGitVideo.csproj", "{A3FF8529-9EAB-4E8C-9307-EC73949E330B}"
EndProject
Global
	GlobalSection(SolutionConfigurationPlatforms) = preSolution
		Debug|Any CPU = Debug|Any CPU
		Release|Any CPU = Release|Any CPU
	EndGlobalSection
	GlobalSection(ProjectConfigurationPlatforms) = postSolution
		{A3FF8529-9EAB-4E8C-9307-EC73949E330B}.Debug|Any CPU.ActiveCfg = Debug|Any CPU
		{A3FF8529-9EAB-4E8C-9307-EC73949E330B}.Debug|Any CPU.Build.0 = Debug|Any CPU
		{A3FF8529-9EAB-4E8C-9307-EC73949E330B}.Release|Any CPU.ActiveCfg = Release|Any CPU
		{A3FF8529-9EAB-4E8C-9307-EC73949E330B}.Release|Any CPU.Build.0 = Release|Any CPU
	EndGlobalSection
	GlobalSection(SolutionProperties) = preSolution
		HideSolutionNode = FALSE
	EndGlobalSection
	GlobalSection(ExtensibilityGlobals) = postSolution
		SolutionGuid = {8A5BB243-9A64-4673-A9E3-2E2A103F46EB}
	EndGlobalSection
EndGlobal
